// !$*UTF8*$!
{
	archiveVersion = 1;
	classes = {
	};
	objectVersion = 46;
	objects = {

/* Begin PBXBuildFile section */
		04BD906B1B4E1EC6006B5E18 /* main.m in Sources */ = {isa = PBXBuildFile; fileRef = 04BD906A1B4E1EC6006B5E18 /* main.m */; };
		04BD906E1B4E1EC6006B5E18 /* AppDelegate.m in Sources */ = {isa = PBXBuildFile; fileRef = 04BD906D1B4E1EC6006B5E18 /* AppDelegate.m */; };
		04BD90711B4E1EC6006B5E18 /* ViewController.m in Sources */ = {isa = PBXBuildFile; fileRef = 04BD90701B4E1EC6006B5E18 /* ViewController.m */; };
		04BD90741B4E1EC6006B5E18 /* Main.storyboard in Resources */ = {isa = PBXBuildFile; fileRef = 04BD90721B4E1EC6006B5E18 /* Main.storyboard */; };
		04BD90761B4E1EC6006B5E18 /* Images.xcassets in Resources */ = {isa = PBXBuildFile; fileRef = 04BD90751B4E1EC6006B5E18 /* Images.xcassets */; };
		04BD90791B4E1EC6006B5E18 /* LaunchScreen.xib in Resources */ = {isa = PBXBuildFile; fileRef = 04BD90771B4E1EC6006B5E18 /* LaunchScreen.xib */; };
		04BD90851B4E1EC6006B5E18 /* ____Tests.m in Sources */ = {isa = PBXBuildFile; fileRef = 04BD90841B4E1EC6006B5E18 /* ____Tests.m */; };
/* End PBXBuildFile section */

/* Begin PBXContainerItemProxy section */
		04BD907F1B4E1EC6006B5E18 /* PBXContainerItemProxy */ = {
			isa = PBXContainerItemProxy;
			containerPortal = 04BD905D1B4E1EC6006B5E18 /* Project object */;
			proxyType = 1;
			remoteGlobalIDString = 04BD90641B4E1EC6006B5E18;
			remoteInfo = "现货交易";
		};
/* End PBXContainerItemProxy section */

/* Begin PBXFileReference section */
		04BD90651B4E1EC6006B5E18 /* 现货交易.app */ = {isa = PBXFileReference; explicitFileType = wrapper.application; includeInIndex = 0; path = "现货交易.app"; sourceTree = BUILT_PRODUCTS_DIR; };
		04BD90691B4E1EC6006B5E18 /* Info.plist */ = {isa = PBXFileReference; lastKnownFileType = text.plist.xml; path = Info.plist; sourceTree = "<group>"; };
		04BD906A1B4E1EC6006B5E18 /* main.m */ = {isa = PBXFileReference; lastKnownFileType = sourcecode.c.objc; path = main.m; sourceTree = "<group>"; };
		04BD906C1B4E1EC6006B5E18 /* AppDelegate.h */ = {isa = PBXFileReference; lastKnownFileType = sourcecode.c.h; path = AppDelegate.h; sourceTree = "<group>"; };
		04BD906D1B4E1EC6006B5E18 /* AppDelegate.m */ = {isa = PBXFileReference; lastKnownFileType = sourcecode.c.objc; path = AppDelegate.m; sourceTree = "<group>"; };
		04BD906F1B4E1EC6006B5E18 /* ViewController.h */ = {isa = PBXFileReference; lastKnownFileType = sourcecode.c.h; path = ViewController.h; sourceTree = "<group>"; };
		04BD90701B4E1EC6006B5E18 /* ViewController.m */ = {isa = PBXFileReference; lastKnownFileType = sourcecode.c.objc; path = ViewController.m; sourceTree = "<group>"; };
		04BD90731B4E1EC6006B5E18 /* Base */ = {isa = PBXFileReference; lastKnownFileType = file.storyboard; name = Base; path = Base.lproj/Main.storyboard; sourceTree = "<group>"; };
		04BD90751B4E1EC6006B5E18 /* Images.xcassets */ = {isa = PBXFileReference; lastKnownFileType = folder.assetcatalog; path = Images.xcassets; sourceTree = "<group>"; };
		04BD90781B4E1EC6006B5E18 /* Base */ = {isa = PBXFileReference; lastKnownFileType = file.xib; name = Base; path = Base.lproj/LaunchScreen.xib; sourceTree = "<group>"; };
		04BD907E1B4E1EC6006B5E18 /* 现货交易Tests.xctest */ = {isa = PBXFileReference; explicitFileType = wrapper.cfbundle; includeInIndex = 0; path = "现货交易Tests.xctest"; sourceTree = BUILT_PRODUCTS_DIR; };
		04BD90831B4E1EC6006B5E18 /* Info.plist */ = {isa = PBXFileReference; lastKnownFileType = text.plist.xml; path = Info.plist; sourceTree = "<group>"; };
		04BD90841B4E1EC6006B5E18 /* ____Tests.m */ = {isa = PBXFileReference; lastKnownFileType = sourcecode.c.objc; path = "____Tests.m"; sourceTree = "<group>"; };
/* End PBXFileReference section */

/* Begin PBXFrameworksBuildPhase section */
		04BD90621B4E1EC6006B5E18 /* Frameworks */ = {
			isa = PBXFrameworksBuildPhase;
			buildActionMask = 2147483647;
			files = (
			);
			runOnlyForDeploymentPostprocessing = 0;
		};
		04BD907B1B4E1EC6006B5E18 /* Frameworks */ = {
			isa = PBXFrameworksBuildPhase;
			buildActionMask = 2147483647;
			files = (
			);
			runOnlyForDeploymentPostprocessing = 0;
		};
/* End PBXFrameworksBuildPhase section */

/* Begin PBXGroup section */
		04BD905C1B4E1EC6006B5E18 = {
			isa = PBXGroup;
			children = (
				04BD90671B4E1EC6006B5E18 /* 现货交易 */,
				04BD90811B4E1EC6006B5E18 /* 现货交易Tests */,
				04BD90661B4E1EC6006B5E18 /* Products */,
			);
			sourceTree = "<group>";
		};
		04BD90661B4E1EC6006B5E18 /* Products */ = {
			isa = PBXGroup;
			children = (
				04BD90651B4E1EC6006B5E18 /* 现货交易.app */,
				04BD907E1B4E1EC6006B5E18 /* 现货交易Tests.xctest */,
			);
			name = Products;
			sourceTree = "<group>";
		};
		04BD90671B4E1EC6006B5E18 /* 现货交易 */ = {
			isa = PBXGroup;
			children = (
				04BD906C1B4E1EC6006B5E18 /* AppDelegate.h */,
				04BD906D1B4E1EC6006B5E18 /* AppDelegate.m */,
				04BD906F1B4E1EC6006B5E18 /* ViewController.h */,
				04BD90701B4E1EC6006B5E18 /* ViewController.m */,
				04BD90721B4E1EC6006B5E18 /* Main.storyboard */,
				04BD90751B4E1EC6006B5E18 /* Images.xcassets */,
				04BD90771B4E1EC6006B5E18 /* LaunchScreen.xib */,
				04BD90681B4E1EC6006B5E18 /* Supporting Files */,
			);
			path = "现货交易";
			sourceTree = "<group>";
		};
		04BD90681B4E1EC6006B5E18 /* Supporting Files */ = {
			isa = PBXGroup;
			children = (
				04BD90691B4E1EC6006B5E18 /* Info.plist */,
				04BD906A1B4E1EC6006B5E18 /* main.m */,
			);
			name = "Supporting Files";
			sourceTree = "<group>";
		};
		04BD90811B4E1EC6006B5E18 /* 现货交易Tests */ = {
			isa = PBXGroup;
			children = (
				04BD90841B4E1EC6006B5E18 /* ____Tests.m */,
				04BD90821B4E1EC6006B5E18 /* Supporting Files */,
			);
			path = "现货交易Tests";
			sourceTree = "<group>";
		};
		04BD90821B4E1EC6006B5E18 /* Supporting Files */ = {
			isa = PBXGroup;
			children = (
				04BD90831B4E1EC6006B5E18 /* Info.plist */,
			);
			name = "Supporting Files";
			sourceTree = "<group>";
		};
/* End PBXGroup section */

/* Begin PBXNativeTarget section */
		04BD90641B4E1EC6006B5E18 /* 现货交易 */ = {
			isa = PBXNativeTarget;
			buildConfigurationList = 04BD90881B4E1EC6006B5E18 /* Build configuration list for PBXNativeTarget "现货交易" */;
			buildPhases = (
				04BD90611B4E1EC6006B5E18 /* Sources */,
				04BD90621B4E1EC6006B5E18 /* Frameworks */,
				04BD90631B4E1EC6006B5E18 /* Resources */,
			);
			buildRules = (
			);
			dependencies = (
			);
			name = "现货交易";
			productName = "现货交易";
			productReference = 04BD90651B4E1EC6006B5E18 /* 现货交易.app */;
			productType = "com.apple.product-type.application";
		};
		04BD907D1B4E1EC6006B5E18 /* 现货交易Tests */ = {
			isa = PBXNativeTarget;
			buildConfigurationList = 04BD908B1B4E1EC6006B5E18 /* Build configuration list for PBXNativeTarget "现货交易Tests" */;
			buildPhases = (
				04BD907A1B4E1EC6006B5E18 /* Sources */,
				04BD907B1B4E1EC6006B5E18 /* Frameworks */,
				04BD907C1B4E1EC6006B5E18 /* Resources */,
			);
			buildRules = (
			);
			dependencies = (
				04BD90801B4E1EC6006B5E18 /* PBXTargetDependency */,
			);
			name = "现货交易Tests";
			productName = "现货交易Tests";
			productReference = 04BD907E1B4E1EC6006B5E18 /* 现货交易Tests.xctest */;
			productType = "com.apple.product-type.bundle.unit-test";
		};
/* End PBXNativeTarget section */

/* Begin PBXProject section */
		04BD905D1B4E1EC6006B5E18 /* Project object */ = {
			isa = PBXProject;
			attributes = {
				LastUpgradeCheck = 0640;
				ORGANIZATIONNAME = ApexSoft;
				TargetAttributes = {
					04BD90641B4E1EC6006B5E18 = {
						CreatedOnToolsVersion = 6.4;
					};
					04BD907D1B4E1EC6006B5E18 = {
						CreatedOnToolsVersion = 6.4;
						TestTargetID = 04BD90641B4E1EC6006B5E18;
					};
				};
			};
			buildConfigurationList = 04BD90601B4E1EC6006B5E18 /* Build configuration list for PBXProject "现货交易" */;
			compatibilityVersion = "Xcode 3.2";
			developmentRegion = English;
			hasScannedForEncodings = 0;
			knownRegions = (
				en,
				Base,
			);
			mainGroup = 04BD905C1B4E1EC6006B5E18;
			productRefGroup = 04BD90661B4E1EC6006B5E18 /* Products */;
			projectDirPath = "";
			projectRoot = "";
			targets = (
				04BD90641B4E1EC6006B5E18 /* 现货交易 */,
				04BD907D1B4E1EC6006B5E18 /* 现货交易Tests */,
			);
		};
/* End PBXProject section */

/* Begin PBXResourcesBuildPhase section */
		04BD90631B4E1EC6006B5E18 /* Resources */ = {
			isa = PBXResourcesBuildPhase;
			buildActionMask = 2147483647;
			files = (
				04BD90741B4E1EC6006B5E18 /* Main.storyboard in Resources */,
				04BD90791B4E1EC6006B5E18 /* LaunchScreen.xib in Resources */,
				04BD90761B4E1EC6006B5E18 /* Images.xcassets in Resources */,
			);
			runOnlyForDeploymentPostprocessing = 0;
		};
		04BD907C1B4E1EC6006B5E18 /* Resources */ = {
			isa = PBXResourcesBuildPhase;
			buildActionMask = 2147483647;
			files = (
			);
			runOnlyForDeploymentPostprocessing = 0;
		};
/* End PBXResourcesBuildPhase section */

/* Begin PBXSourcesBuildPhase section */
		04BD90611B4E1EC6006B5E18 /* Sources */ = {
			isa = PBXSourcesBuildPhase;
			buildActionMask = 2147483647;
			files = (
				04BD90711B4E1EC6006B5E18 /* ViewController.m in Sources */,
				04BD906E1B4E1EC6006B5E18 /* AppDelegate.m in Sources */,
				04BD906B1B4E1EC6006B5E18 /* main.m in Sources */,
			);
			runOnlyForDeploymentPostprocessing = 0;
		};
		04BD907A1B4E1EC6006B5E18 /* Sources */ = {
			isa = PBXSourcesBuildPhase;
			buildActionMask = 2147483647;
			files = (
				04BD90851B4E1EC6006B5E18 /* ____Tests.m in Sources */,
			);
			runOnlyForDeploymentPostprocessing = 0;
		};
/* End PBXSourcesBuildPhase section */

/* Begin PBXTargetDependency section */
		04BD90801B4E1EC6006B5E18 /* PBXTargetDependency */ = {
			isa = PBXTargetDependency;
			target = 04BD90641B4E1EC6006B5E18 /* 现货交易 */;
			targetProxy = 04BD907F1B4E1EC6006B5E18 /* PBXContainerItemProxy */;
		};
/* End PBXTargetDependency section */

/* Begin PBXVariantGroup section */
		04BD90721B4E1EC6006B5E18 /* Main.storyboard */ = {
			isa = PBXVariantGroup;
			children = (
				04BD90731B4E1EC6006B5E18 /* Base */,
			);
			name = Main.storyboard;
			sourceTree = "<group>";
		};
		04BD90771B4E1EC6006B5E18 /* LaunchScreen.xib */ = {
			isa = PBXVariantGroup;
			children = (
				04BD90781B4E1EC6006B5E18 /* Base */,
			);
			name = LaunchScreen.xib;
			sourceTree = "<group>";
		};
/* End PBXVariantGroup section */

/* Begin XCBuildConfiguration section */
		04BD90861B4E1EC6006B5E18 /* Debug */ = {
			isa = XCBuildConfiguration;
			buildSettings = {
				ALWAYS_SEARCH_USER_PATHS = NO;
				CLANG_CXX_LANGUAGE_STANDARD = "gnu++0x";
				CLANG_CXX_LIBRARY = "libc++";
				CLANG_ENABLE_MODULES = YES;
				CLANG_ENABLE_OBJC_ARC = YES;
				CLANG_WARN_BOOL_CONVERSION = YES;
				CLANG_WARN_CONSTANT_CONVERSION = YES;
				CLANG_WARN_DIRECT_OBJC_ISA_USAGE = YES_ERROR;
				CLANG_WARN_EMPTY_BODY = YES;
				CLANG_WARN_ENUM_CONVERSION = YES;
				CLANG_WARN_INT_CONVERSION = YES;
				CLANG_WARN_OBJC_ROOT_CLASS = YES_ERROR;
				CLANG_WARN_UNREACHABLE_CODE = YES;
				CLANG_WARN__DUPLICATE_METHOD_MATCH = YES;
				"CODE_SIGN_IDENTITY[sdk=iphoneos*]" = "iPhone Developer";
				COPY_PHASE_STRIP = NO;
				DEBUG_INFORMATION_FORMAT = "dwarf-with-dsym";
				ENABLE_STRICT_OBJC_MSGSEND = YES;
				GCC_C_LANGUAGE_STANDARD = gnu99;
				GCC_DYNAMIC_NO_PIC = NO;
				GCC_NO_COMMON_BLOCKS = YES;
				GCC_OPTIMIZATION_LEVEL = 0;
				GCC_PREPROCESSOR_DEFINITIONS = (
					"DEBUG=1",
					"$(inherited)",
				);
				GCC_SYMBOLS_PRIVATE_EXTERN = NO;
				GCC_WARN_64_TO_32_BIT_CONVERSION = YES;
				GCC_WARN_ABOUT_RETURN_TYPE = YES_ERROR;
				GCC_WARN_UNDECLARED_SELECTOR = YES;
				GCC_WARN_UNINITIALIZED_AUTOS = YES_AGGRESSIVE;
				GCC_WARN_UNUSED_FUNCTION = YES;
				GCC_WARN_UNUSED_VARIABLE = YES;
				IPHONEOS_DEPLOYMENT_TARGET = 8.4;
				MTL_ENABLE_DEBUG_INFO = YES;
				ONLY_ACTIVE_ARCH = YES;
				SDKROOT = iphoneos;
				TARGETED_DEVICE_FAMILY = "1,2";
			};
			name = Debug;
		};
		04BD90871B4E1EC6006B5E18 /* Release */ = {
			isa = XCBuildConfiguration;
			buildSettings = {
				ALWAYS_SEARCH_USER_PATHS = NO;
				CLANG_CXX_LANGUAGE_STANDARD = "gnu++0x";
				CLANG_CXX_LIBRARY = "libc++";
				CLANG_ENABLE_MODULES = YES;
				CLANG_ENABLE_OBJC_ARC = YES;
				CLANG_WARN_BOOL_CONVERSION = YES;
				CLANG_WARN_CONSTANT_CONVERSION = YES;
				CLANG_WARN_DIRECT_OBJC_ISA_USAGE = YES_ERROR;
				CLANG_WARN_EMPTY_BODY = YES;
				CLANG_WARN_ENUM_CONVERSION = YES;
				CLANG_WARN_INT_CONVERSION = YES;
				CLANG_WARN_OBJC_ROOT_CLASS = YES_ERROR;
				CLANG_WARN_UNREACHABLE_CODE = YES;
				CLANG_WARN__DUPLICATE_METHOD_MATCH = YES;
				"CODE_SIGN_IDENTITY[sdk=iphoneos*]" = "iPhone Developer";
				COPY_PHASE_STRIP = NO;
				DEBUG_INFORMATION_FORMAT = "dwarf-with-dsym";
				ENABLE_NS_ASSERTIONS = NO;
				ENABLE_STRICT_OBJC_MSGSEND = YES;
				GCC_C_LANGUAGE_STANDARD = gnu99;
				GCC_NO_COMMON_BLOCKS = YES;
				GCC_WARN_64_TO_32_BIT_CONVERSION = YES;
				GCC_WARN_ABOUT_RETURN_TYPE = YES_ERROR;
				GCC_WARN_UNDECLARED_SELECTOR = YES;
				GCC_WARN_UNINITIALIZED_AUTOS = YES_AGGRESSIVE;
				GCC_WARN_UNUSED_FUNCTION = YES;
				GCC_WARN_UNUSED_VARIABLE = YES;
				IPHONEOS_DEPLOYMENT_TARGET = 8.4;
				MTL_ENABLE_DEBUG_INFO = NO;
				SDKROOT = iphoneos;
				TARGETED_DEVICE_FAMILY = "1,2";
				VALIDATE_PRODUCT = YES;
			};
			name = Release;
		};
		04BD90891B4E1EC6006B5E18 /* Debug */ = {
			isa = XCBuildConfiguration;
			buildSettings = {
				ASSETCATALOG_COMPILER_APPICON_NAME = AppIcon;
				INFOPLIST_FILE = "现货交易/Info.plist";
				LD_RUNPATH_SEARCH_PATHS = "$(inherited) @executable_path/Frameworks";
				PRODUCT_NAME = "$(TARGET_NAME)";
			};
			name = Debug;
		};
		04BD908A1B4E1EC6006B5E18 /* Release */ = {
			isa = XCBuildConfiguration;
			buildSettings = {
				ASSETCATALOG_COMPILER_APPICON_NAME = AppIcon;
				INFOPLIST_FILE = "现货交易/Info.plist";
				LD_RUNPATH_SEARCH_PATHS = "$(inherited) @executable_path/Frameworks";
				PRODUCT_NAME = "$(TARGET_NAME)";
			};
			name = Release;
		};
		04BD908C1B4E1EC6006B5E18 /* Debug */ = {
			isa = XCBuildConfiguration;
			buildSettings = {
				BUNDLE_LOADER = "$(TEST_HOST)";
				FRAMEWORK_SEARCH_PATHS = (
					"$(SDKROOT)/Developer/Library/Frameworks",
					"$(inherited)",
				);
				GCC_PREPROCESSOR_DEFINITIONS = (
					"DEBUG=1",
					"$(inherited)",
				);
				INFOPLIST_FILE = "现货交易Tests/Info.plist";
				LD_RUNPATH_SEARCH_PATHS = "$(inherited) @executable_path/Frameworks @loader_path/Frameworks";
				PRODUCT_NAME = "$(TARGET_NAME)";
				TEST_HOST = "$(BUILT_PRODUCTS_DIR)/现货交易.app/现货交易";
			};
			name = Debug;
		};
		04BD908D1B4E1EC6006B5E18 /* Release */ = {
			isa = XCBuildConfiguration;
			buildSettings = {
				BUNDLE_LOADER = "$(TEST_HOST)";
				FRAMEWORK_SEARCH_PATHS = (
					"$(SDKROOT)/Developer/Library/Frameworks",
					"$(inherited)",
				);
				INFOPLIST_FILE = "现货交易Tests/Info.plist";
				LD_RUNPATH_SEARCH_PATHS = "$(inherited) @executable_path/Frameworks @loader_path/Frameworks";
				PRODUCT_NAME = "$(TARGET_NAME)";
				TEST_HOST = "$(BUILT_PRODUCTS_DIR)/现货交易.app/现货交易";
			};
			name = Release;
		};
/* End XCBuildConfiguration section */

/* Begin XCConfigurationList section */
		04BD90601B4E1EC6006B5E18 /* Build configuration list for PBXProject "现货交易" */ = {
			isa = XCConfigurationList;
			buildConfigurations = (
				04BD90861B4E1EC6006B5E18 /* Debug */,
				04BD90871B4E1EC6006B5E18 /* Release */,
			);
			defaultConfigurationIsVisible = 0;
			defaultConfigurationName = Release;
		};
		04BD90881B4E1EC6006B5E18 /* Build configuration list for PBXNativeTarget "现货交易" */ = {
			isa = XCConfigurationList;
			buildConfigurations = (
				04BD90891B4E1EC6006B5E18 /* Debug */,
				04BD908A1B4E1EC6006B5E18 /* Release */,
			);
			defaultConfigurationIsVisible = 0;
		};
		04BD908B1B4E1EC6006B5E18 /* Build configuration list for PBXNativeTarget "现货交易Tests" */ = {
			isa = XCConfigurationList;
			buildConfigurations = (
				04BD908C1B4E1EC6006B5E18 /* Debug */,
				04BD908D1B4E1EC6006B5E18 /* Release */,
			);
			defaultConfigurationIsVisible = 0;
		};
/* End XCConfigurationList section */
	};
	rootObject = 04BD905D1B4E1EC6006B5E18 /* Project object */;
}
